// !$*UTF8*$!
{
	archiveVersion = 1;
	classes = {
	};
	objectVersion = 46;
	objects = {

/* Begin PBXBuildFile section */
		6B06E7D0196AD27800169CD2 /* Foundation.framework in Frameworks */ = {isa = PBXBuildFile; fileRef = 6B06E7CF196AD27800169CD2 /* Foundation.framework */; };
		6B06E7D2196AD27800169CD2 /* CoreGraphics.framework in Frameworks */ = {isa = PBXBuildFile; fileRef = 6B06E7D1196AD27800169CD2 /* CoreGraphics.framework */; };
		6B06E7D4196AD27800169CD2 /* UIKit.framework in Frameworks */ = {isa = PBXBuildFile; fileRef = 6B06E7D3196AD27800169CD2 /* UIKit.framework */; };
		6B06E7DA196AD27800169CD2 /* InfoPlist.strings in Resources */ = {isa = PBXBuildFile; fileRef = 6B06E7D8196AD27800169CD2 /* InfoPlist.strings */; };
		6B06E7DC196AD27800169CD2 /* main.m in Sources */ = {isa = PBXBuildFile; fileRef = 6B06E7DB196AD27800169CD2 /* main.m */; };
		6B06E7E0196AD27800169CD2 /* AppDelegate.m in Sources */ = {isa = PBXBuildFile; fileRef = 6B06E7DF196AD27800169CD2 /* AppDelegate.m */; };
		6B06E7E2196AD27800169CD2 /* Images.xcassets in Resources */ = {isa = PBXBuildFile; fileRef = 6B06E7E1196AD27800169CD2 /* Images.xcassets */; };
		6B06E7E9196AD27800169CD2 /* XCTest.framework in Frameworks */ = {isa = PBXBuildFile; fileRef = 6B06E7E8196AD27800169CD2 /* XCTest.framework */; };
		6B06E7EA196AD27800169CD2 /* Foundation.framework in Frameworks */ = {isa = PBXBuildFile; fileRef = 6B06E7CF196AD27800169CD2 /* Foundation.framework */; };
		6B06E7EB196AD27800169CD2 /* UIKit.framework in Frameworks */ = {isa = PBXBuildFile; fileRef = 6B06E7D3196AD27800169CD2 /* UIKit.framework */; };
		6B06E7F3196AD27800169CD2 /* InfoPlist.strings in Resources */ = {isa = PBXBuildFile; fileRef = 6B06E7F1196AD27800169CD2 /* InfoPlist.strings */; };
		6B06E7F5196AD27800169CD2 /* VHKeyboardTestTests.m in Sources */ = {isa = PBXBuildFile; fileRef = 6B06E7F4196AD27800169CD2 /* VHKeyboardTestTests.m */; };
		6B06E802196AD2DA00169CD2 /* VHKeyboard.m in Sources */ = {isa = PBXBuildFile; fileRef = 6B06E801196AD2DA00169CD2 /* VHKeyboard.m */; };
		6B06E804196AD2FD00169CD2 /* VHkeyboardTestIphone.Storyboard in Resources */ = {isa = PBXBuildFile; fileRef = 6B06E803196AD2FD00169CD2 /* VHkeyboardTestIphone.Storyboard */; };
		6B06E808196AD37A00169CD2 /* MainViewController.m in Sources */ = {isa = PBXBuildFile; fileRef = 6B06E807196AD37A00169CD2 /* MainViewController.m */; };
/* End PBXBuildFile section */

/* Begin PBXContainerItemProxy section */
		6B06E7EC196AD27800169CD2 /* PBXContainerItemProxy */ = {
			isa = PBXContainerItemProxy;
			containerPortal = 6B06E7C4196AD27800169CD2 /* Project object */;
			proxyType = 1;
			remoteGlobalIDString = 6B06E7CB196AD27800169CD2;
			remoteInfo = VHKeyboardTest;
		};
/* End PBXContainerItemProxy section */

/* Begin PBXFileReference section */
		6B06E7CC196AD27800169CD2 /* VHKeyboardTest.app */ = {isa = PBXFileReference; explicitFileType = wrapper.application; includeInIndex = 0; path = VHKeyboardTest.app; sourceTree = BUILT_PRODUCTS_DIR; };
		6B06E7CF196AD27800169CD2 /* Foundation.framework */ = {isa = PBXFileReference; lastKnownFileType = wrapper.framework; name = Foundation.framework; path = System/Library/Frameworks/Foundation.framework; sourceTree = SDKROOT; };
		6B06E7D1196AD27800169CD2 /* CoreGraphics.framework */ = {isa = PBXFileReference; lastKnownFileType = wrapper.framework; name = CoreGraphics.framework; path = System/Library/Frameworks/CoreGraphics.framework; sourceTree = SDKROOT; };
		6B06E7D3196AD27800169CD2 /* UIKit.framework */ = {isa = PBXFileReference; lastKnownFileType = wrapper.framework; name = UIKit.framework; path = System/Library/Frameworks/UIKit.framework; sourceTree = SDKROOT; };
		6B06E7D7196AD27800169CD2 /* VHKeyboardTest-Info.plist */ = {isa = PBXFileReference; lastKnownFileType = text.plist.xml; path = "VHKeyboardTest-Info.plist"; sourceTree = "<group>"; };
		6B06E7D9196AD27800169CD2 /* en */ = {isa = PBXFileReference; lastKnownFileType = text.plist.strings; name = en; path = en.lproj/InfoPlist.strings; sourceTree = "<group>"; };
		6B06E7DB196AD27800169CD2 /* main.m */ = {isa = PBXFileReference; lastKnownFileType = sourcecode.c.objc; path = main.m; sourceTree = "<group>"; };
		6B06E7DD196AD27800169CD2 /* VHKeyboardTest-Prefix.pch */ = {isa = PBXFileReference; lastKnownFileType = sourcecode.c.h; path = "VHKeyboardTest-Prefix.pch"; sourceTree = "<group>"; };
		6B06E7DE196AD27800169CD2 /* AppDelegate.h */ = {isa = PBXFileReference; lastKnownFileType = sourcecode.c.h; path = AppDelegate.h; sourceTree = "<group>"; };
		6B06E7DF196AD27800169CD2 /* AppDelegate.m */ = {isa = PBXFileReference; lastKnownFileType = sourcecode.c.objc; path = AppDelegate.m; sourceTree = "<group>"; };
		6B06E7E1196AD27800169CD2 /* Images.xcassets */ = {isa = PBXFileReference; lastKnownFileType = folder.assetcatalog; path = Images.xcassets; sourceTree = "<group>"; };
		6B06E7E7196AD27800169CD2 /* VHKeyboardTestTests.xctest */ = {isa = PBXFileReference; explicitFileType = wrapper.cfbundle; includeInIndex = 0; path = VHKeyboardTestTests.xctest; sourceTree = BUILT_PRODUCTS_DIR; };
		6B06E7E8196AD27800169CD2 /* XCTest.framework */ = {isa = PBXFileReference; lastKnownFileType = wrapper.framework; name = XCTest.framework; path = Library/Frameworks/XCTest.framework; sourceTree = DEVELOPER_DIR; };
		6B06E7F0196AD27800169CD2 /* VHKeyboardTestTests-Info.plist */ = {isa = PBXFileReference; lastKnownFileType = text.plist.xml; path = "VHKeyboardTestTests-Info.plist"; sourceTree = "<group>"; };
		6B06E7F2196AD27800169CD2 /* en */ = {isa = PBXFileReference; lastKnownFileType = text.plist.strings; name = en; path = en.lproj/InfoPlist.strings; sourceTree = "<group>"; };
		6B06E7F4196AD27800169CD2 /* VHKeyboardTestTests.m */ = {isa = PBXFileReference; lastKnownFileType = sourcecode.c.objc; path = VHKeyboardTestTests.m; sourceTree = "<group>"; };
		6B06E800196AD2DA00169CD2 /* VHKeyboard.h */ = {isa = PBXFileReference; fileEncoding = 4; lastKnownFileType = sourcecode.c.h; path = VHKeyboard.h; sourceTree = "<group>"; };
		6B06E801196AD2DA00169CD2 /* VHKeyboard.m */ = {isa = PBXFileReference; fileEncoding = 4; lastKnownFileType = sourcecode.c.objc; path = VHKeyboard.m; sourceTree = "<group>"; };
		6B06E803196AD2FD00169CD2 /* VHkeyboardTestIphone.Storyboard */ = {isa = PBXFileReference; fileEncoding = 4; lastKnownFileType = file.storyboard; path = VHkeyboardTestIphone.Storyboard; sourceTree = "<group>"; };
		6B06E806196AD37A00169CD2 /* MainViewController.h */ = {isa = PBXFileReference; fileEncoding = 4; lastKnownFileType = sourcecode.c.h; path = MainViewController.h; sourceTree = "<group>"; };
		6B06E807196AD37A00169CD2 /* MainViewController.m */ = {isa = PBXFileReference; fileEncoding = 4; lastKnownFileType = sourcecode.c.objc; path = MainViewController.m; sourceTree = "<group>"; };
/* End PBXFileReference section */

/* Begin PBXFrameworksBuildPhase section */
		6B06E7C9196AD27800169CD2 /* Frameworks */ = {
			isa = PBXFrameworksBuildPhase;
			buildActionMask = 2147483647;
			files = (
				6B06E7D2196AD27800169CD2 /* CoreGraphics.framework in Frameworks */,
				6B06E7D4196AD27800169CD2 /* UIKit.framework in Frameworks */,
				6B06E7D0196AD27800169CD2 /* Foundation.framework in Frameworks */,
			);
			runOnlyForDeploymentPostprocessing = 0;
		};
		6B06E7E4196AD27800169CD2 /* Frameworks */ = {
			isa = PBXFrameworksBuildPhase;
			buildActionMask = 2147483647;
			files = (
				6B06E7E9196AD27800169CD2 /* XCTest.framework in Frameworks */,
				6B06E7EB196AD27800169CD2 /* UIKit.framework in Frameworks */,
				6B06E7EA196AD27800169CD2 /* Foundation.framework in Frameworks */,
			);
			runOnlyForDeploymentPostprocessing = 0;
		};
/* End PBXFrameworksBuildPhase section */

/* Begin PBXGroup section */
		6B06E7C3196AD27800169CD2 = {
			isa = PBXGroup;
			children = (
				6B06E7FF196AD2CA00169CD2 /* VHkeyboardLibrary */,
				6B06E7FE196AD2AA00169CD2 /* Storyboard */,
				6B06E7D5196AD27800169CD2 /* VHKeyboardTest */,
				6B06E7EE196AD27800169CD2 /* VHKeyboardTestTests */,
				6B06E7CE196AD27800169CD2 /* Frameworks */,
				6B06E7CD196AD27800169CD2 /* Products */,
			);
			sourceTree = "<group>";
		};
		6B06E7CD196AD27800169CD2 /* Products */ = {
			isa = PBXGroup;
			children = (
				6B06E7CC196AD27800169CD2 /* VHKeyboardTest.app */,
				6B06E7E7196AD27800169CD2 /* VHKeyboardTestTests.xctest */,
			);
			name = Products;
			sourceTree = "<group>";
		};
		6B06E7CE196AD27800169CD2 /* Frameworks */ = {
			isa = PBXGroup;
			children = (
				6B06E7CF196AD27800169CD2 /* Foundation.framework */,
				6B06E7D1196AD27800169CD2 /* CoreGraphics.framework */,
				6B06E7D3196AD27800169CD2 /* UIKit.framework */,
				6B06E7E8196AD27800169CD2 /* XCTest.framework */,
			);
			name = Frameworks;
			sourceTree = "<group>";
		};
		6B06E7D5196AD27800169CD2 /* VHKeyboardTest */ = {
			isa = PBXGroup;
			children = (
				6B06E7DE196AD27800169CD2 /* AppDelegate.h */,
				6B06E7DF196AD27800169CD2 /* AppDelegate.m */,
				6B06E7E1196AD27800169CD2 /* Images.xcassets */,
				6B06E7D6196AD27800169CD2 /* Supporting Files */,
			);
			path = VHKeyboardTest;
			sourceTree = "<group>";
		};
		6B06E7D6196AD27800169CD2 /* Supporting Files */ = {
			isa = PBXGroup;
			children = (
				6B06E7D7196AD27800169CD2 /* VHKeyboardTest-Info.plist */,
				6B06E7D8196AD27800169CD2 /* InfoPlist.strings */,
				6B06E7DB196AD27800169CD2 /* main.m */,
				6B06E7DD196AD27800169CD2 /* VHKeyboardTest-Prefix.pch */,
			);
			name = "Supporting Files";
			sourceTree = "<group>";
		};
		6B06E7EE196AD27800169CD2 /* VHKeyboardTestTests */ = {
			isa = PBXGroup;
			children = (
				6B06E7F4196AD27800169CD2 /* VHKeyboardTestTests.m */,
				6B06E7EF196AD27800169CD2 /* Supporting Files */,
			);
			path = VHKeyboardTestTests;
			sourceTree = "<group>";
		};
		6B06E7EF196AD27800169CD2 /* Supporting Files */ = {
			isa = PBXGroup;
			children = (
				6B06E7F0196AD27800169CD2 /* VHKeyboardTestTests-Info.plist */,
				6B06E7F1196AD27800169CD2 /* InfoPlist.strings */,
			);
			name = "Supporting Files";
			sourceTree = "<group>";
		};
		6B06E7FE196AD2AA00169CD2 /* Storyboard */ = {
			isa = PBXGroup;
			children = (
				6B06E805196AD34A00169CD2 /* MainView */,
				6B06E803196AD2FD00169CD2 /* VHkeyboardTestIphone.Storyboard */,
			);
			name = Storyboard;
			sourceTree = "<group>";
		};
		6B06E7FF196AD2CA00169CD2 /* VHkeyboardLibrary */ = {
			isa = PBXGroup;
			children = (
				6B06E800196AD2DA00169CD2 /* VHKeyboard.h */,
				6B06E801196AD2DA00169CD2 /* VHKeyboard.m */,
			);
			name = VHkeyboardLibrary;
			sourceTree = "<group>";
		};
		6B06E805196AD34A00169CD2 /* MainView */ = {
			isa = PBXGroup;
			children = (
				6B06E806196AD37A00169CD2 /* MainViewController.h */,
				6B06E807196AD37A00169CD2 /* MainViewController.m */,
			);
			name = MainView;
			sourceTree = "<group>";
		};
/* End PBXGroup section */

/* Begin PBXNativeTarget section */
		6B06E7CB196AD27800169CD2 /* VHKeyboardTest */ = {
			isa = PBXNativeTarget;
			buildConfigurationList = 6B06E7F8196AD27800169CD2 /* Build configuration list for PBXNativeTarget "VHKeyboardTest" */;
			buildPhases = (
				6B06E7C8196AD27800169CD2 /* Sources */,
				6B06E7C9196AD27800169CD2 /* Frameworks */,
				6B06E7CA196AD27800169CD2 /* Resources */,
			);
			buildRules = (
			);
			dependencies = (
			);
			name = VHKeyboardTest;
			productName = VHKeyboardTest;
			productReference = 6B06E7CC196AD27800169CD2 /* VHKeyboardTest.app */;
			productType = "com.apple.product-type.application";
		};
		6B06E7E6196AD27800169CD2 /* VHKeyboardTestTests */ = {
			isa = PBXNativeTarget;
			buildConfigurationList = 6B06E7FB196AD27800169CD2 /* Build configuration list for PBXNativeTarget "VHKeyboardTestTests" */;
			buildPhases = (
				6B06E7E3196AD27800169CD2 /* Sources */,
				6B06E7E4196AD27800169CD2 /* Frameworks */,
				6B06E7E5196AD27800169CD2 /* Resources */,
			);
			buildRules = (
			);
			dependencies = (
				6B06E7ED196AD27800169CD2 /* PBXTargetDependency */,
			);
			name = VHKeyboardTestTests;
			productName = VHKeyboardTestTests;
			productReference = 6B06E7E7196AD27800169CD2 /* VHKeyboardTestTests.xctest */;
			productType = "com.apple.product-type.bundle.unit-test";
		};
/* End PBXNativeTarget section */

/* Begin PBXProject section */
		6B06E7C4196AD27800169CD2 /* Project object */ = {
			isa = PBXProject;
			attributes = {
				LastUpgradeCheck = 0510;
				ORGANIZATIONNAME = FlyingCatSoftware;
				TargetAttributes = {
					6B06E7E6196AD27800169CD2 = {
						TestTargetID = 6B06E7CB196AD27800169CD2;
					};
				};
			};
			buildConfigurationList = 6B06E7C7196AD27800169CD2 /* Build configuration list for PBXProject "VHKeyboardTest" */;
			compatibilityVersion = "Xcode 3.2";
			developmentRegion = English;
			hasScannedForEncodings = 0;
			knownRegions = (
				en,
			);
			mainGroup = 6B06E7C3196AD27800169CD2;
			productRefGroup = 6B06E7CD196AD27800169CD2 /* Products */;
			projectDirPath = "";
			projectRoot = "";
			targets = (
				6B06E7CB196AD27800169CD2 /* VHKeyboardTest */,
				6B06E7E6196AD27800169CD2 /* VHKeyboardTestTests */,
			);
		};
/* End PBXProject section */

/* Begin PBXResourcesBuildPhase section */
		6B06E7CA196AD27800169CD2 /* Resources */ = {
			isa = PBXResourcesBuildPhase;
			buildActionMask = 2147483647;
			files = (
				6B06E7DA196AD27800169CD2 /* InfoPlist.strings in Resources */,
				6B06E7E2196AD27800169CD2 /* Images.xcassets in Resources */,
				6B06E804196AD2FD00169CD2 /* VHkeyboardTestIphone.Storyboard in Resources */,
			);
			runOnlyForDeploymentPostprocessing = 0;
		};
		6B06E7E5196AD27800169CD2 /* Resources */ = {
			isa = PBXResourcesBuildPhase;
			buildActionMask = 2147483647;
			files = (
				6B06E7F3196AD27800169CD2 /* InfoPlist.strings in Resources */,
			);
			runOnlyForDeploymentPostprocessing = 0;
		};
/* End PBXResourcesBuildPhase section */

/* Begin PBXSourcesBuildPhase section */
		6B06E7C8196AD27800169CD2 /* Sources */ = {
			isa = PBXSourcesBuildPhase;
			buildActionMask = 2147483647;
			files = (
				6B06E802196AD2DA00169CD2 /* VHKeyboard.m in Sources */,
				6B06E7E0196AD27800169CD2 /* AppDelegate.m in Sources */,
				6B06E7DC196AD27800169CD2 /* main.m in Sources */,
				6B06E808196AD37A00169CD2 /* MainViewController.m in Sources */,
			);
			runOnlyForDeploymentPostprocessing = 0;
		};
		6B06E7E3196AD27800169CD2 /* Sources */ = {
			isa = PBXSourcesBuildPhase;
			buildActionMask = 2147483647;
			files = (
				6B06E7F5196AD27800169CD2 /* VHKeyboardTestTests.m in Sources */,
			);
			runOnlyForDeploymentPostprocessing = 0;
		};
/* End PBXSourcesBuildPhase section */

/* Begin PBXTargetDependency section */
		6B06E7ED196AD27800169CD2 /* PBXTargetDependency */ = {
			isa = PBXTargetDependency;
			target = 6B06E7CB196AD27800169CD2 /* VHKeyboardTest */;
			targetProxy = 6B06E7EC196AD27800169CD2 /* PBXContainerItemProxy */;
		};
/* End PBXTargetDependency section */

/* Begin PBXVariantGroup section */
		6B06E7D8196AD27800169CD2 /* InfoPlist.strings */ = {
			isa = PBXVariantGroup;
			children = (
				6B06E7D9196AD27800169CD2 /* en */,
			);
			name = InfoPlist.strings;
			sourceTree = "<group>";
		};
		6B06E7F1196AD27800169CD2 /* InfoPlist.strings */ = {
			isa = PBXVariantGroup;
			children = (
				6B06E7F2196AD27800169CD2 /* en */,
			);
			name = InfoPlist.strings;
			sourceTree = "<group>";
		};
/* End PBXVariantGroup section */

/* Begin XCBuildConfiguration section */
		6B06E7F6196AD27800169CD2 /* Debug */ = {
			isa = XCBuildConfiguration;
			buildSettings = {
				ALWAYS_SEARCH_USER_PATHS = NO;
				CLANG_CXX_LANGUAGE_STANDARD = "gnu++0x";
				CLANG_CXX_LIBRARY = "libc++";
				CLANG_ENABLE_MODULES = YES;
				CLANG_ENABLE_OBJC_ARC = YES;
				CLANG_WARN_BOOL_CONVERSION = YES;
				CLANG_WARN_CONSTANT_CONVERSION = YES;
				CLANG_WARN_DIRECT_OBJC_ISA_USAGE = YES_ERROR;
				CLANG_WARN_EMPTY_BODY = YES;
				CLANG_WARN_ENUM_CONVERSION = YES;
				CLANG_WARN_INT_CONVERSION = YES;
				CLANG_WARN_OBJC_ROOT_CLASS = YES_ERROR;
				CLANG_WARN__DUPLICATE_METHOD_MATCH = YES;
				"CODE_SIGN_IDENTITY[sdk=iphoneos*]" = "iPhone Developer";
				COPY_PHASE_STRIP = NO;
				GCC_C_LANGUAGE_STANDARD = gnu99;
				GCC_DYNAMIC_NO_PIC = NO;
				GCC_OPTIMIZATION_LEVEL = 0;
				GCC_PREPROCESSOR_DEFINITIONS = (
					"DEBUG=1",
					"$(inherited)",
				);
				GCC_SYMBOLS_PRIVATE_EXTERN = NO;
				GCC_WARN_64_TO_32_BIT_CONVERSION = YES;
				GCC_WARN_ABOUT_RETURN_TYPE = YES_ERROR;
				GCC_WARN_UNDECLARED_SELECTOR = YES;
				GCC_WARN_UNINITIALIZED_AUTOS = YES_AGGRESSIVE;
				GCC_WARN_UNUSED_FUNCTION = YES;
				GCC_WARN_UNUSED_VARIABLE = YES;
				IPHONEOS_DEPLOYMENT_TARGET = 7.1;
				ONLY_ACTIVE_ARCH = YES;
				SDKROOT = iphoneos;
				TARGETED_DEVICE_FAMILY = "1,2";
			};
			name = Debug;
		};
		6B06E7F7196AD27800169CD2 /* Release */ = {
			isa = XCBuildConfiguration;
			buildSettings = {
				ALWAYS_SEARCH_USER_PATHS = NO;
				CLANG_CXX_LANGUAGE_STANDARD = "gnu++0x";
				CLANG_CXX_LIBRARY = "libc++";
				CLANG_ENABLE_MODULES = YES;
				CLANG_ENABLE_OBJC_ARC = YES;
				CLANG_WARN_BOOL_CONVERSION = YES;
				CLANG_WARN_CONSTANT_CONVERSION = YES;
				CLANG_WARN_DIRECT_OBJC_ISA_USAGE = YES_ERROR;
				CLANG_WARN_EMPTY_BODY = YES;
				CLANG_WARN_ENUM_CONVERSION = YES;
				CLANG_WARN_INT_CONVERSION = YES;
				CLANG_WARN_OBJC_ROOT_CLASS = YES_ERROR;
				CLANG_WARN__DUPLICATE_METHOD_MATCH = YES;
				"CODE_SIGN_IDENTITY[sdk=iphoneos*]" = "iPhone Developer";
				COPY_PHASE_STRIP = YES;
				ENABLE_NS_ASSERTIONS = NO;
				GCC_C_LANGUAGE_STANDARD = gnu99;
				GCC_WARN_64_TO_32_BIT_CONVERSION = YES;
				GCC_WARN_ABOUT_RETURN_TYPE = YES_ERROR;
				GCC_WARN_UNDECLARED_SELECTOR = YES;
				GCC_WARN_UNINITIALIZED_AUTOS = YES_AGGRESSIVE;
				GCC_WARN_UNUSED_FUNCTION = YES;
				GCC_WARN_UNUSED_VARIABLE = YES;
				IPHONEOS_DEPLOYMENT_TARGET = 7.1;
				SDKROOT = iphoneos;
				TARGETED_DEVICE_FAMILY = "1,2";
				VALIDATE_PRODUCT = YES;
			};
			name = Release;
		};
		6B06E7F9196AD27800169CD2 /* Debug */ = {
			isa = XCBuildConfiguration;
			buildSettings = {
				ASSETCATALOG_COMPILER_APPICON_NAME = AppIcon;
				ASSETCATALOG_COMPILER_LAUNCHIMAGE_NAME = LaunchImage;
				GCC_PRECOMPILE_PREFIX_HEADER = YES;
				GCC_PREFIX_HEADER = "VHKeyboardTest/VHKeyboardTest-Prefix.pch";
				INFOPLIST_FILE = "VHKeyboardTest/VHKeyboardTest-Info.plist";
				PRODUCT_NAME = "$(TARGET_NAME)";
				WRAPPER_EXTENSION = app;
			};
			name = Debug;
		};
		6B06E7FA196AD27800169CD2 /* Release */ = {
			isa = XCBuildConfiguration;
			buildSettings = {
				ASSETCATALOG_COMPILER_APPICON_NAME = AppIcon;
				ASSETCATALOG_COMPILER_LAUNCHIMAGE_NAME = LaunchImage;
				GCC_PRECOMPILE_PREFIX_HEADER = YES;
				GCC_PREFIX_HEADER = "VHKeyboardTest/VHKeyboardTest-Prefix.pch";
				INFOPLIST_FILE = "VHKeyboardTest/VHKeyboardTest-Info.plist";
				PRODUCT_NAME = "$(TARGET_NAME)";
				WRAPPER_EXTENSION = app;
			};
			name = Release;
		};
		6B06E7FC196AD27800169CD2 /* Debug */ = {
			isa = XCBuildConfiguration;
			buildSettings = {
				BUNDLE_LOADER = "$(BUILT_PRODUCTS_DIR)/VHKeyboardTest.app/VHKeyboardTest";
				FRAMEWORK_SEARCH_PATHS = (
					"$(SDKROOT)/Developer/Library/Frameworks",
					"$(inherited)",
					"$(DEVELOPER_FRAMEWORKS_DIR)",
				);
				GCC_PRECOMPILE_PREFIX_HEADER = YES;
				GCC_PREFIX_HEADER = "VHKeyboardTest/VHKeyboardTest-Prefix.pch";
				GCC_PREPROCESSOR_DEFINITIONS = (
					"DEBUG=1",
					"$(inherited)",
				);
				INFOPLIST_FILE = "VHKeyboardTestTests/VHKeyboardTestTests-Info.plist";
				PRODUCT_NAME = "$(TARGET_NAME)";
				TEST_HOST = "$(BUNDLE_LOADER)";
				WRAPPER_EXTENSION = xctest;
			};
			name = Debug;
		};
		6B06E7FD196AD27800169CD2 /* Release */ = {
			isa = XCBuildConfiguration;
			buildSettings = {
				BUNDLE_LOADER = "$(BUILT_PRODUCTS_DIR)/VHKeyboardTest.app/VHKeyboardTest";
				FRAMEWORK_SEARCH_PATHS = (
					"$(SDKROOT)/Developer/Library/Frameworks",
					"$(inherited)",
					"$(DEVELOPER_FRAMEWORKS_DIR)",
				);
				GCC_PRECOMPILE_PREFIX_HEADER = YES;
				GCC_PREFIX_HEADER = "VHKeyboardTest/VHKeyboardTest-Prefix.pch";
				INFOPLIST_FILE = "VHKeyboardTestTests/VHKeyboardTestTests-Info.plist";
				PRODUCT_NAME = "$(TARGET_NAME)";
				TEST_HOST = "$(BUNDLE_LOADER)";
				WRAPPER_EXTENSION = xctest;
			};
			name = Release;
		};
/* End XCBuildConfiguration section */

/* Begin XCConfigurationList section */
		6B06E7C7196AD27800169CD2 /* Build configuration list for PBXProject "VHKeyboardTest" */ = {
			isa = XCConfigurationList;
			buildConfigurations = (
				6B06E7F6196AD27800169CD2 /* Debug */,
				6B06E7F7196AD27800169CD2 /* Release */,
			);
			defaultConfigurationIsVisible = 0;
			defaultConfigurationName = Release;
		};
		6B06E7F8196AD27800169CD2 /* Build configuration list for PBXNativeTarget "VHKeyboardTest" */ = {
			isa = XCConfigurationList;
			buildConfigurations = (
				6B06E7F9196AD27800169CD2 /* Debug */,
				6B06E7FA196AD27800169CD2 /* Release */,
			);
			defaultConfigurationIsVisible = 0;
		};
		6B06E7FB196AD27800169CD2 /* Build configuration list for PBXNativeTarget "VHKeyboardTestTests" */ = {
			isa = XCConfigurationList;
			buildConfigurations = (
				6B06E7FC196AD27800169CD2 /* Debug */,
				6B06E7FD196AD27800169CD2 /* Release */,
			);
			defaultConfigurationIsVisible = 0;
		};
/* End XCConfigurationList section */
	};
	rootObject = 6B06E7C4196AD27800169CD2 /* Project object */;
}
